
Microsoft Visual Studio Solution File, Format Version 12.00
# Visual Studio Version 17
VisualStudioVersion = 17.0.31903.59
MinimumVisualStudioVersion = 10.0.40219.1
Project("{FAE04EC0-301F-11D3-BF4B-00C04F79EFBC}") = "PslibOauthReactDemo", "PslibOauthReactDemo\PslibOauthReactDemo.csproj", "{0960FEE9-A8DB-4434-AB40-2796EC2C5E8F}"
EndProject
Global
	GlobalSection(SolutionConfigurationPlatforms) = preSolution
		Debug|Any CPU = Debug|Any CPU
		Release|Any CPU = Release|Any CPU
	EndGlobalSection
	GlobalSection(ProjectConfigurationPlatforms) = postSolution
		{0960FEE9-A8DB-4434-AB40-2796EC2C5E8F}.Debug|Any CPU.ActiveCfg = Debug|Any CPU
		{0960FEE9-A8DB-4434-AB40-2796EC2C5E8F}.Debug|Any CPU.Build.0 = Debug|Any CPU
		{0960FEE9-A8DB-4434-AB40-2796EC2C5E8F}.Release|Any CPU.ActiveCfg = Release|Any CPU
		{0960FEE9-A8DB-4434-AB40-2796EC2C5E8F}.Release|Any CPU.Build.0 = Release|Any CPU
	EndGlobalSection
	GlobalSection(SolutionProperties) = preSolution
		HideSolutionNode = FALSE
	EndGlobalSection
	GlobalSection(ExtensibilityGlobals) = postSolution
		SolutionGuid = {51765EEE-A9FD-410D-A0B4-20CC16C00F51}
	EndGlobalSection
EndGlobal
